PODS:
  - Flutter (1.0.0)
  - flutter_ffmpeg (0.4.2):
    - Flutter
    - flutter_ffmpeg/https (= 0.4.2)
  - flutter_ffmpeg/https (0.4.2):
    - Flutter
    - mobile-ffmpeg-https (= 4.4)
  - flutter_playout (0.0.1):
    - Flutter
  - mobile-ffmpeg-https (4.4)
  - path_provider_foundation (0.0.1):
    - Flutter
    - FlutterMacOS

DEPENDENCIES:
  - Flutter (from `Flutter`)
  - flutter_ffmpeg (from `.symlinks/plugins/flutter_ffmpeg/ios`)
  - flutter_playout (from `.symlinks/plugins/flutter_playout/ios`)
  - path_provider_foundation (from `.symlinks/plugins/path_provider_foundation/darwin`)

SPEC REPOS:
  trunk:
    - mobile-ffmpeg-https

EXTERNAL SOURCES:
  Flutter:
    :path: Flutter
  flutter_ffmpeg:
    :path: ".symlinks/plugins/flutter_ffmpeg/ios"
  flutter_playout:
    :path: ".symlinks/plugins/flutter_playout/ios"
  path_provider_foundation:
    :path: ".symlinks/plugins/path_provider_foundation/darwin"

SPEC CHECKSUMS:
  Flutter: f04841e97a9d0b0a8025694d0796dd46242b2854
  flutter_ffmpeg: 3ec3912c74649851e6c3b1885511eef78142ac4f
  flutter_playout: a5aed32b3003b02eb4432815ecfe0c0e42a801ff
  mobile-ffmpeg-https: 311fc4a8f671cf36d1d6b8f421e8246b790978d9
  path_provider_foundation: 29f094ae23ebbca9d3d0cec13889cd9060c0e943

PODFILE CHECKSUM: 70d9d25280d0dd177a5f637cdb0f0b0b12c6a189

COCOAPODS: 1.11.3
